
Microsoft Visual Studio Solution File, Format Version 12.00
# Visual Studio Version 17
VisualStudioVersion = 17.0.31903.59
MinimumVisualStudioVersion = 10.0.40219.1
Project("{FAE04EC0-301F-11D3-BF4B-00C04F79EFBC}") = "DdsAmbassador.DDSClient", "src\DdsAmbassador.DDSClient\DdsAmbassador.DDSClient.csproj", "{06A3833C-0964-41E5-A674-6A590956BD4E}"
EndProject
Project("{2150E333-8FDC-42A3-9474-1A3956D46DE8}") = "src", "src", "{827E0CD3-B72D-47B6-A68D-7590B98EB39B}"
EndProject
Project("{FAE04EC0-301F-11D3-BF4B-00C04F79EFBC}") = "DdsAmbassador.DDSClient.Cli", "src\DdsAmbassador.DDSClient.Cli\DdsAmbassador.DDSClient.Cli.csproj", "{32C6C1DE-19FE-4C2D-9509-DAB11D0F429D}"
EndProject
Project("{2150E333-8FDC-42A3-9474-1A3956D46DE8}") = "tests", "tests", "{0AB3BF05-4346-4AA6-1389-037BE0695223}"
EndProject
Project("{FAE04EC0-301F-11D3-BF4B-00C04F79EFBC}") = "DdsAmbassador.DDSClient.Tests", "tests\DdsAmbassador.DDSClient.Tests\DdsAmbassador.DDSClient.Tests.csproj", "{FFD904B2-CFDE-40CA-8F91-5062A085221D}"
EndProject
Global
	GlobalSection(SolutionConfigurationPlatforms) = preSolution
		Debug|Any CPU = Debug|Any CPU
		Debug|x64 = Debug|x64
		Debug|x86 = Debug|x86
		Release|Any CPU = Release|Any CPU
		Release|x64 = Release|x64
		Release|x86 = Release|x86
	EndGlobalSection
	GlobalSection(ProjectConfigurationPlatforms) = postSolution
		{06A3833C-0964-41E5-A674-6A590956BD4E}.Debug|Any CPU.ActiveCfg = Debug|Any CPU
		{06A3833C-0964-41E5-A674-6A590956BD4E}.Debug|Any CPU.Build.0 = Debug|Any CPU
		{06A3833C-0964-41E5-A674-6A590956BD4E}.Debug|x64.ActiveCfg = Debug|Any CPU
		{06A3833C-0964-41E5-A674-6A590956BD4E}.Debug|x64.Build.0 = Debug|Any CPU
		{06A3833C-0964-41E5-A674-6A590956BD4E}.Debug|x86.ActiveCfg = Debug|Any CPU
		{06A3833C-0964-41E5-A674-6A590956BD4E}.Debug|x86.Build.0 = Debug|Any CPU
		{06A3833C-0964-41E5-A674-6A590956BD4E}.Release|Any CPU.ActiveCfg = Release|Any CPU
		{06A3833C-0964-41E5-A674-6A590956BD4E}.Release|Any CPU.Build.0 = Release|Any CPU
		{06A3833C-0964-41E5-A674-6A590956BD4E}.Release|x64.ActiveCfg = Release|Any CPU
		{06A3833C-0964-41E5-A674-6A590956BD4E}.Release|x64.Build.0 = Release|Any CPU
		{06A3833C-0964-41E5-A674-6A590956BD4E}.Release|x86.ActiveCfg = Release|Any CPU
		{06A3833C-0964-41E5-A674-6A590956BD4E}.Release|x86.Build.0 = Release|Any CPU
		{32C6C1DE-19FE-4C2D-9509-DAB11D0F429D}.Debug|Any CPU.ActiveCfg = Debug|Any CPU
		{32C6C1DE-19FE-4C2D-9509-DAB11D0F429D}.Debug|Any CPU.Build.0 = Debug|Any CPU
		{32C6C1DE-19FE-4C2D-9509-DAB11D0F429D}.Debug|x64.ActiveCfg = Debug|Any CPU
		{32C6C1DE-19FE-4C2D-9509-DAB11D0F429D}.Debug|x64.Build.0 = Debug|Any CPU
		{32C6C1DE-19FE-4C2D-9509-DAB11D0F429D}.Debug|x86.ActiveCfg = Debug|Any CPU
		{32C6C1DE-19FE-4C2D-9509-DAB11D0F429D}.Debug|x86.Build.0 = Debug|Any CPU
		{32C6C1DE-19FE-4C2D-9509-DAB11D0F429D}.Release|Any CPU.ActiveCfg = Release|Any CPU
		{32C6C1DE-19FE-4C2D-9509-DAB11D0F429D}.Release|Any CPU.Build.0 = Release|Any CPU
		{32C6C1DE-19FE-4C2D-9509-DAB11D0F429D}.Release|x64.ActiveCfg = Release|Any CPU
		{32C6C1DE-19FE-4C2D-9509-DAB11D0F429D}.Release|x64.Build.0 = Release|Any CPU
		{32C6C1DE-19FE-4C2D-9509-DAB11D0F429D}.Release|x86.ActiveCfg = Release|Any CPU
		{32C6C1DE-19FE-4C2D-9509-DAB11D0F429D}.Release|x86.Build.0 = Release|Any CPU
		{FFD904B2-CFDE-40CA-8F91-5062A085221D}.Debug|Any CPU.ActiveCfg = Debug|Any CPU
		{FFD904B2-CFDE-40CA-8F91-5062A085221D}.Debug|Any CPU.Build.0 = Debug|Any CPU
		{FFD904B2-CFDE-40CA-8F91-5062A085221D}.Debug|x64.ActiveCfg = Debug|Any CPU
		{FFD904B2-CFDE-40CA-8F91-5062A085221D}.Debug|x64.Build.0 = Debug|Any CPU
		{FFD904B2-CFDE-40CA-8F91-5062A085221D}.Debug|x86.ActiveCfg = Debug|Any CPU
		{FFD904B2-CFDE-40CA-8F91-5062A085221D}.Debug|x86.Build.0 = Debug|Any CPU
		{FFD904B2-CFDE-40CA-8F91-5062A085221D}.Release|Any CPU.ActiveCfg = Release|Any CPU
		{FFD904B2-CFDE-40CA-8F91-5062A085221D}.Release|Any CPU.Build.0 = Release|Any CPU
		{FFD904B2-CFDE-40CA-8F91-5062A085221D}.Release|x64.ActiveCfg = Release|Any CPU
		{FFD904B2-CFDE-40CA-8F91-5062A085221D}.Release|x64.Build.0 = Release|Any CPU
		{FFD904B2-CFDE-40CA-8F91-5062A085221D}.Release|x86.ActiveCfg = Release|Any CPU
		{FFD904B2-CFDE-40CA-8F91-5062A085221D}.Release|x86.Build.0 = Release|Any CPU
	EndGlobalSection
	GlobalSection(SolutionProperties) = preSolution
		HideSolutionNode = FALSE
	EndGlobalSection
	GlobalSection(NestedProjects) = preSolution
		{32C6C1DE-19FE-4C2D-9509-DAB11D0F429D} = {827E0CD3-B72D-47B6-A68D-7590B98EB39B}
		{FFD904B2-CFDE-40CA-8F91-5062A085221D} = {0AB3BF05-4346-4AA6-1389-037BE0695223}
	EndGlobalSection
EndGlobal
